
Microsoft Visual Studio Solution File, Format Version 12.00
# Visual Studio 2012
Project("{FAE04EC0-301F-11D3-BF4B-00C04F79EFBC}") = "Prototipo", "Prototipo\Prototipo.csproj", "{2B6CC017-26CC-4A38-ACC8-9DEC138A5DDF}"
EndProject
Project("{FAE04EC0-301F-11D3-BF4B-00C04F79EFBC}") = "Cepheus.Entities", "Cepheus.Entities\Cepheus.Entities.csproj", "{EB2F5E04-D960-4424-9F6A-04BF13C90004}"
EndProject
Project("{FAE04EC0-301F-11D3-BF4B-00C04F79EFBC}") = "Cepheus", "Cepheus\Cepheus.csproj", "{571C4CB7-7359-4037-B624-815B0C95088B}"
EndProject
Project("{FAE04EC0-301F-11D3-BF4B-00C04F79EFBC}") = "Cepheus.DataAccess", "Cepheus.DataAccess\Cepheus.DataAccess.csproj", "{461F4FB6-B7C7-4A38-9BE4-D0EFC117001D}"
EndProject
Global
	GlobalSection(SolutionConfigurationPlatforms) = preSolution
		Debug|Any CPU = Debug|Any CPU
		Release|Any CPU = Release|Any CPU
	EndGlobalSection
	GlobalSection(ProjectConfigurationPlatforms) = postSolution
		{2B6CC017-26CC-4A38-ACC8-9DEC138A5DDF}.Debug|Any CPU.ActiveCfg = Debug|Any CPU
		{2B6CC017-26CC-4A38-ACC8-9DEC138A5DDF}.Debug|Any CPU.Build.0 = Debug|Any CPU
		{2B6CC017-26CC-4A38-ACC8-9DEC138A5DDF}.Release|Any CPU.ActiveCfg = Release|Any CPU
		{2B6CC017-26CC-4A38-ACC8-9DEC138A5DDF}.Release|Any CPU.Build.0 = Release|Any CPU
		{EB2F5E04-D960-4424-9F6A-04BF13C90004}.Debug|Any CPU.ActiveCfg = Debug|Any CPU
		{EB2F5E04-D960-4424-9F6A-04BF13C90004}.Debug|Any CPU.Build.0 = Debug|Any CPU
		{EB2F5E04-D960-4424-9F6A-04BF13C90004}.Release|Any CPU.ActiveCfg = Release|Any CPU
		{EB2F5E04-D960-4424-9F6A-04BF13C90004}.Release|Any CPU.Build.0 = Release|Any CPU
		{571C4CB7-7359-4037-B624-815B0C95088B}.Debug|Any CPU.ActiveCfg = Debug|Any CPU
		{571C4CB7-7359-4037-B624-815B0C95088B}.Debug|Any CPU.Build.0 = Debug|Any CPU
		{571C4CB7-7359-4037-B624-815B0C95088B}.Release|Any CPU.ActiveCfg = Release|Any CPU
		{571C4CB7-7359-4037-B624-815B0C95088B}.Release|Any CPU.Build.0 = Release|Any CPU
		{461F4FB6-B7C7-4A38-9BE4-D0EFC117001D}.Debug|Any CPU.ActiveCfg = Debug|Any CPU
		{461F4FB6-B7C7-4A38-9BE4-D0EFC117001D}.Debug|Any CPU.Build.0 = Debug|Any CPU
		{461F4FB6-B7C7-4A38-9BE4-D0EFC117001D}.Release|Any CPU.ActiveCfg = Release|Any CPU
		{461F4FB6-B7C7-4A38-9BE4-D0EFC117001D}.Release|Any CPU.Build.0 = Release|Any CPU
	EndGlobalSection
	GlobalSection(SolutionProperties) = preSolution
		HideSolutionNode = FALSE
	EndGlobalSection
EndGlobal
