
Microsoft Visual Studio Solution File, Format Version 11.00
# Visual Studio 2010
Project("{FAE04EC0-301F-11D3-BF4B-00C04F79EFBC}") = "Procad.DataAccess.DataAnnotations", "Procad.DataAccess.DataAnnotations\Procad.DataAccess.DataAnnotations.csproj", "{2EF054D1-6F05-4175-B12E-7523883FED16}"
EndProject
Global
	GlobalSection(TeamFoundationVersionControl) = preSolution
		SccNumberOfProjects = 2
		SccEnterpriseProvider = {4CA58AB2-18FA-4F8D-95D4-32DDF27D184C}
		SccTeamFoundationServer = http://srvtf02.promob.local:8080/tfs/ti
		SccLocalPath0 = .
		SccProjectUniqueName1 = Procad.DataAccess.DataAnnotations\\Procad.DataAccess.DataAnnotations.csproj
		SccProjectName1 = Procad.DataAccess.DataAnnotations
		SccLocalPath1 = Procad.DataAccess.DataAnnotations
	EndGlobalSection
	GlobalSection(SolutionConfigurationPlatforms) = preSolution
		Debug|Any CPU = Debug|Any CPU
		Release|Any CPU = Release|Any CPU
	EndGlobalSection
	GlobalSection(ProjectConfigurationPlatforms) = postSolution
		{2EF054D1-6F05-4175-B12E-7523883FED16}.Debug|Any CPU.ActiveCfg = Debug|Any CPU
		{2EF054D1-6F05-4175-B12E-7523883FED16}.Debug|Any CPU.Build.0 = Debug|Any CPU
		{2EF054D1-6F05-4175-B12E-7523883FED16}.Release|Any CPU.ActiveCfg = Release|Any CPU
		{2EF054D1-6F05-4175-B12E-7523883FED16}.Release|Any CPU.Build.0 = Release|Any CPU
	EndGlobalSection
	GlobalSection(SolutionProperties) = preSolution
		HideSolutionNode = FALSE
	EndGlobalSection
EndGlobal
